
Microsoft Visual Studio Solution File, Format Version 12.00
Project("{FAE04EC0-301F-11D3-BF4B-00C04F79EFBC}") = "PresenceClient.Avalonia", "PresenceClient.Avalonia\PresenceClient.Avalonia.csproj", "{DB99445F-B13E-43CF-A5B0-D4C6E5F91420}"
EndProject
Global
	GlobalSection(SolutionConfigurationPlatforms) = preSolution
		Debug|Any CPU = Debug|Any CPU
		Release|Any CPU = Release|Any CPU
	EndGlobalSection
	GlobalSection(ProjectConfigurationPlatforms) = postSolution
		{DB99445F-B13E-43CF-A5B0-D4C6E5F91420}.Debug|Any CPU.ActiveCfg = Debug|Any CPU
		{DB99445F-B13E-43CF-A5B0-D4C6E5F91420}.Debug|Any CPU.Build.0 = Debug|Any CPU
		{DB99445F-B13E-43CF-A5B0-D4C6E5F91420}.Release|Any CPU.ActiveCfg = Release|Any CPU
		{DB99445F-B13E-43CF-A5B0-D4C6E5F91420}.Release|Any CPU.Build.0 = Release|Any CPU
	EndGlobalSection
EndGlobal
